
Microsoft Visual Studio Solution File, Format Version 12.00
# Visual Studio Version 17
VisualStudioVersion = 17.3.32825.248
MinimumVisualStudioVersion = 10.0.40219.1
Project("{FAE04EC0-301F-11D3-BF4B-00C04F79EFBC}") = "SeleniumUnitExample", "SeleniumUnitExample\SeleniumUnitExample.csproj", "{695281BA-4EB4-41FC-B291-FFDAD03CF19E}"
EndProject
Global
	GlobalSection(SolutionConfigurationPlatforms) = preSolution
		Debug|Any CPU = Debug|Any CPU
		Release|Any CPU = Release|Any CPU
	EndGlobalSection
	GlobalSection(ProjectConfigurationPlatforms) = postSolution
		{695281BA-4EB4-41FC-B291-FFDAD03CF19E}.Debug|Any CPU.ActiveCfg = Debug|Any CPU
		{695281BA-4EB4-41FC-B291-FFDAD03CF19E}.Debug|Any CPU.Build.0 = Debug|Any CPU
		{695281BA-4EB4-41FC-B291-FFDAD03CF19E}.Release|Any CPU.ActiveCfg = Release|Any CPU
		{695281BA-4EB4-41FC-B291-FFDAD03CF19E}.Release|Any CPU.Build.0 = Release|Any CPU
	EndGlobalSection
	GlobalSection(SolutionProperties) = preSolution
		HideSolutionNode = FALSE
	EndGlobalSection
	GlobalSection(ExtensibilityGlobals) = postSolution
		SolutionGuid = {2E88519F-F60A-49FD-9D0C-2F09CC173D0D}
	EndGlobalSection
EndGlobal
